// !$*UTF8*$!
{
	archiveVersion = 1;
	classes = {
	};
	objectVersion = 56;
	objects = {

/* Begin PBXBuildFile section */
		0A22864729271AC700CFEC50 /* ServerStatusApp.swift in Sources */ = {isa = PBXBuildFile; fileRef = 0A22864629271AC700CFEC50 /* ServerStatusApp.swift */; };
		0A22864929271AC700CFEC50 /* ContentView.swift in Sources */ = {isa = PBXBuildFile; fileRef = 0A22864829271AC700CFEC50 /* ContentView.swift */; };
		0A22864B29271ACA00CFEC50 /* Assets.xcassets in Resources */ = {isa = PBXBuildFile; fileRef = 0A22864A29271ACA00CFEC50 /* Assets.xcassets */; };
		0A22865829271CF200CFEC50 /* UnifiedData.swift in Sources */ = {isa = PBXBuildFile; fileRef = 0A22865729271CF200CFEC50 /* UnifiedData.swift */; };
		0A22865D29274C7B00CFEC50 /* Alamofire in Frameworks */ = {isa = PBXBuildFile; productRef = 0A22865C29274C7B00CFEC50 /* Alamofire */; };
		0A66CC2229AC73B200DEDCEE /* PipeMeter.swift in Sources */ = {isa = PBXBuildFile; fileRef = 0A66CC2129AC73B200DEDCEE /* PipeMeter.swift */; };
		0A66CC2429AC73F400DEDCEE /* MeterStaticConfig.swift in Sources */ = {isa = PBXBuildFile; fileRef = 0A66CC2329AC73F400DEDCEE /* MeterStaticConfig.swift */; };
		0A66CC2829ACC34200DEDCEE /* HOTARU.swift in Sources */ = {isa = PBXBuildFile; fileRef = 0A66CC2729ACC34200DEDCEE /* HOTARU.swift */; };
		0A66CC2C29ACC4C800DEDCEE /* Numbers.swift in Sources */ = {isa = PBXBuildFile; fileRef = 0A66CC2B29ACC4C800DEDCEE /* Numbers.swift */; };
		0A729E2B2962E0F8006FA757 /* Extensions.swift in Sources */ = {isa = PBXBuildFile; fileRef = 0A729E2A2962E0F8006FA757 /* Extensions.swift */; };
		0A868B792962B004004F6711 /* IsScrolling in Frameworks */ = {isa = PBXBuildFile; productRef = 0A868B782962B004004F6711 /* IsScrolling */; };
		0A98CD0B299D7CF2002AB222 /* README.md in Resources */ = {isa = PBXBuildFile; fileRef = 0A98CD0A299D7CF2002AB222 /* README.md */; };
		0A98CD0D299D7E5A002AB222 /* logo.png in Resources */ = {isa = PBXBuildFile; fileRef = 0A98CD0C299D7E5A002AB222 /* logo.png */; };
		0AB56E1B2994D3B900DEB133 /* ServerSelection.swift in Sources */ = {isa = PBXBuildFile; fileRef = 0AB56E1A2994D3B900DEB133 /* ServerSelection.swift */; };
		0AB88A0029616E3000ED1526 /* ServerCard.swift in Sources */ = {isa = PBXBuildFile; fileRef = 0AB889FF29616E3000ED1526 /* ServerCard.swift */; };
		0AB88A0229616E3F00ED1526 /* ArcMeter.swift in Sources */ = {isa = PBXBuildFile; fileRef = 0AB88A0129616E3F00ED1526 /* ArcMeter.swift */; };
		0AB88A0429616E5200ED1526 /* Regions.swift in Sources */ = {isa = PBXBuildFile; fileRef = 0AB88A0329616E5200ED1526 /* Regions.swift */; };
		0AC09DAB298C173A0081D7DD /* ServersStored.plist in Resources */ = {isa = PBXBuildFile; fileRef = 0AC09DAA298C173A0081D7DD /* ServersStored.plist */; };
		0AC09DAD298C1E2F0081D7DD /* APIStored.swift in Sources */ = {isa = PBXBuildFile; fileRef = 0AC09DAC298C1E2F0081D7DD /* APIStored.swift */; };
		0ACE5ED529C31E8A0027EE8F /* TransparentPopoverBackgroundView.swift in Sources */ = {isa = PBXBuildFile; fileRef = 0ACE5ED429C31E8A0027EE8F /* TransparentPopoverBackgroundView.swift */; };
		0ACE5ED729C31EBB0027EE8F /* PopoverBackgroundView.swift in Sources */ = {isa = PBXBuildFile; fileRef = 0ACE5ED629C31EBB0027EE8F /* PopoverBackgroundView.swift */; };
/* End PBXBuildFile section */

/* Begin PBXFileReference section */
		0A22864329271AC700CFEC50 /* ServerStatus.app */ = {isa = PBXFileReference; explicitFileType = wrapper.application; includeInIndex = 0; path = ServerStatus.app; sourceTree = BUILT_PRODUCTS_DIR; };
		0A22864629271AC700CFEC50 /* ServerStatusApp.swift */ = {isa = PBXFileReference; lastKnownFileType = sourcecode.swift; path = ServerStatusApp.swift; sourceTree = "<group>"; };
		0A22864829271AC700CFEC50 /* ContentView.swift */ = {isa = PBXFileReference; lastKnownFileType = sourcecode.swift; path = ContentView.swift; sourceTree = "<group>"; };
		0A22864A29271ACA00CFEC50 /* Assets.xcassets */ = {isa = PBXFileReference; lastKnownFileType = folder.assetcatalog; path = Assets.xcassets; sourceTree = "<group>"; };
		0A22864C29271ACA00CFEC50 /* ServerStatus.entitlements */ = {isa = PBXFileReference; lastKnownFileType = text.plist.entitlements; path = ServerStatus.entitlements; sourceTree = "<group>"; };
		0A22865729271CF200CFEC50 /* UnifiedData.swift */ = {isa = PBXFileReference; lastKnownFileType = sourcecode.swift; path = UnifiedData.swift; sourceTree = "<group>"; };
		0A66CC2129AC73B200DEDCEE /* PipeMeter.swift */ = {isa = PBXFileReference; lastKnownFileType = sourcecode.swift; path = PipeMeter.swift; sourceTree = "<group>"; };
		0A66CC2329AC73F400DEDCEE /* MeterStaticConfig.swift */ = {isa = PBXFileReference; lastKnownFileType = sourcecode.swift; path = MeterStaticConfig.swift; sourceTree = "<group>"; };
		0A66CC2729ACC34200DEDCEE /* HOTARU.swift */ = {isa = PBXFileReference; lastKnownFileType = sourcecode.swift; path = HOTARU.swift; sourceTree = "<group>"; };
		0A66CC2B29ACC4C800DEDCEE /* Numbers.swift */ = {isa = PBXFileReference; lastKnownFileType = sourcecode.swift; path = Numbers.swift; sourceTree = "<group>"; };
		0A729E2A2962E0F8006FA757 /* Extensions.swift */ = {isa = PBXFileReference; lastKnownFileType = sourcecode.swift; path = Extensions.swift; sourceTree = "<group>"; };
		0A98CD0A299D7CF2002AB222 /* README.md */ = {isa = PBXFileReference; fileEncoding = 4; lastKnownFileType = net.daringfireball.markdown; path = README.md; sourceTree = SOURCE_ROOT; };
		0A98CD0C299D7E5A002AB222 /* logo.png */ = {isa = PBXFileReference; lastKnownFileType = image.png; path = logo.png; sourceTree = SOURCE_ROOT; };
		0AB56E1A2994D3B900DEB133 /* ServerSelection.swift */ = {isa = PBXFileReference; lastKnownFileType = sourcecode.swift; path = ServerSelection.swift; sourceTree = "<group>"; };
		0AB889FF29616E3000ED1526 /* ServerCard.swift */ = {isa = PBXFileReference; lastKnownFileType = sourcecode.swift; path = ServerCard.swift; sourceTree = "<group>"; };
		0AB88A0129616E3F00ED1526 /* ArcMeter.swift */ = {isa = PBXFileReference; lastKnownFileType = sourcecode.swift; path = ArcMeter.swift; sourceTree = "<group>"; };
		0AB88A0329616E5200ED1526 /* Regions.swift */ = {isa = PBXFileReference; lastKnownFileType = sourcecode.swift; path = Regions.swift; sourceTree = "<group>"; };
		0AC09DAA298C173A0081D7DD /* ServersStored.plist */ = {isa = PBXFileReference; lastKnownFileType = text.plist.xml; path = ServersStored.plist; sourceTree = "<group>"; };
		0AC09DAC298C1E2F0081D7DD /* APIStored.swift */ = {isa = PBXFileReference; lastKnownFileType = sourcecode.swift; path = APIStored.swift; sourceTree = "<group>"; };
		0ACE5ED429C31E8A0027EE8F /* TransparentPopoverBackgroundView.swift */ = {isa = PBXFileReference; lastKnownFileType = sourcecode.swift; path = TransparentPopoverBackgroundView.swift; sourceTree = "<group>"; };
		0ACE5ED629C31EBB0027EE8F /* PopoverBackgroundView.swift */ = {isa = PBXFileReference; lastKnownFileType = sourcecode.swift; path = PopoverBackgroundView.swift; sourceTree = "<group>"; };
/* End PBXFileReference section */

/* Begin PBXFrameworksBuildPhase section */
		0A22864029271AC700CFEC50 /* Frameworks */ = {
			isa = PBXFrameworksBuildPhase;
			buildActionMask = 2147483647;
			files = (
				0A868B792962B004004F6711 /* IsScrolling in Frameworks */,
				0A22865D29274C7B00CFEC50 /* Alamofire in Frameworks */,
			);
			runOnlyForDeploymentPostprocessing = 0;
		};
/* End PBXFrameworksBuildPhase section */

/* Begin PBXGroup section */
		0A22863A29271AC700CFEC50 = {
			isa = PBXGroup;
			children = (
				0A22864529271AC700CFEC50 /* ServerStatus */,
				0A22864429271AC700CFEC50 /* Products */,
			);
			sourceTree = "<group>";
		};
		0A22864429271AC700CFEC50 /* Products */ = {
			isa = PBXGroup;
			children = (
				0A22864329271AC700CFEC50 /* ServerStatus.app */,
			);
			name = Products;
			sourceTree = "<group>";
		};
		0A22864529271AC700CFEC50 /* ServerStatus */ = {
			isa = PBXGroup;
			children = (
				0A22864629271AC700CFEC50 /* ServerStatusApp.swift */,
				0A22864829271AC700CFEC50 /* ContentView.swift */,
				0A22865629271CBD00CFEC50 /* Data */,
				0A22865529271CB100CFEC50 /* Views */,
				0A22864A29271ACA00CFEC50 /* Assets.xcassets */,
				0A22864C29271ACA00CFEC50 /* ServerStatus.entitlements */,
				0A98CD0C299D7E5A002AB222 /* logo.png */,
				0A98CD0A299D7CF2002AB222 /* README.md */,
			);
			path = ServerStatus;
			sourceTree = "<group>";
		};
		0A22865529271CB100CFEC50 /* Views */ = {
			isa = PBXGroup;
			children = (
				0ACE5ED329C31E620027EE8F /* View Utils */,
				0A66CC2529ACA38E00DEDCEE /* ServerCard */,
				0AB56E1A2994D3B900DEB133 /* ServerSelection.swift */,
			);
			path = Views;
			sourceTree = "<group>";
		};
		0A22865629271CBD00CFEC50 /* Data */ = {
			isa = PBXGroup;
			children = (
				0A66CC2A29ACC46300DEDCEE /* Intelligiblility */,
				0A66CC2929ACC3CE00DEDCEE /* Persistence */,
				0A66CC2629ACC2D400DEDCEE /* JSONResponses */,
				0A22865729271CF200CFEC50 /* UnifiedData.swift */,
				0AB88A0329616E5200ED1526 /* Regions.swift */,
				0A729E2A2962E0F8006FA757 /* Extensions.swift */,
			);
			path = Data;
			sourceTree = "<group>";
		};
		0A66CC2029AC723300DEDCEE /* Widgets */ = {
			isa = PBXGroup;
			children = (
				0A66CC2F29AD9EFA00DEDCEE /* Metas */,
			);
			path = Widgets;
			sourceTree = "<group>";
		};
		0A66CC2529ACA38E00DEDCEE /* ServerCard */ = {
			isa = PBXGroup;
			children = (
				0AB889FF29616E3000ED1526 /* ServerCard.swift */,
				0A66CC2029AC723300DEDCEE /* Widgets */,
			);
			path = ServerCard;
			sourceTree = "<group>";
		};
		0A66CC2629ACC2D400DEDCEE /* JSONResponses */ = {
			isa = PBXGroup;
			children = (
				0A66CC2729ACC34200DEDCEE /* HOTARU.swift */,
			);
			path = JSONResponses;
			sourceTree = "<group>";
		};
		0A66CC2929ACC3CE00DEDCEE /* Persistence */ = {
			isa = PBXGroup;
			children = (
				0AC09DAA298C173A0081D7DD /* ServersStored.plist */,
				0AC09DAC298C1E2F0081D7DD /* APIStored.swift */,
			);
			path = Persistence;
			sourceTree = "<group>";
		};
		0A66CC2A29ACC46300DEDCEE /* Intelligiblility */ = {
			isa = PBXGroup;
			children = (
				0A66CC2B29ACC4C800DEDCEE /* Numbers.swift */,
			);
			path = Intelligiblility;
			sourceTree = "<group>";
		};
		0A66CC2F29AD9EFA00DEDCEE /* Metas */ = {
			isa = PBXGroup;
			children = (
				0AB88A0129616E3F00ED1526 /* ArcMeter.swift */,
				0A66CC2129AC73B200DEDCEE /* PipeMeter.swift */,
				0A66CC2329AC73F400DEDCEE /* MeterStaticConfig.swift */,
			);
			path = Metas;
			sourceTree = "<group>";
		};
		0ACE5ED329C31E620027EE8F /* View Utils */ = {
			isa = PBXGroup;
			children = (
				0ACE5ED829C31EC90027EE8F /* Popver */,
			);
			path = "View Utils";
			sourceTree = "<group>";
		};
		0ACE5ED829C31EC90027EE8F /* Popver */ = {
			isa = PBXGroup;
			children = (
				0ACE5ED429C31E8A0027EE8F /* TransparentPopoverBackgroundView.swift */,
				0ACE5ED629C31EBB0027EE8F /* PopoverBackgroundView.swift */,
			);
			path = Popver;
			sourceTree = "<group>";
		};
/* End PBXGroup section */

/* Begin PBXNativeTarget section */
		0A22864229271AC700CFEC50 /* ServerStatus */ = {
			isa = PBXNativeTarget;
			buildConfigurationList = 0A22865229271ACA00CFEC50 /* Build configuration list for PBXNativeTarget "ServerStatus" */;
			buildPhases = (
				0A22863F29271AC700CFEC50 /* Sources */,
				0A22864029271AC700CFEC50 /* Frameworks */,
				0A22864129271AC700CFEC50 /* Resources */,
			);
			buildRules = (
			);
			dependencies = (
			);
			name = ServerStatus;
			packageProductDependencies = (
				0A22865C29274C7B00CFEC50 /* Alamofire */,
				0A868B782962B004004F6711 /* IsScrolling */,
			);
			productName = ServerStatus;
			productReference = 0A22864329271AC700CFEC50 /* ServerStatus.app */;
			productType = "com.apple.product-type.application";
		};
/* End PBXNativeTarget section */

/* Begin PBXProject section */
		0A22863B29271AC700CFEC50 /* Project object */ = {
			isa = PBXProject;
			attributes = {
				BuildIndependentTargetsInParallel = 1;
				LastSwiftUpdateCheck = 1400;
				LastUpgradeCheck = 1400;
				TargetAttributes = {
					0A22864229271AC700CFEC50 = {
						CreatedOnToolsVersion = 14.0;
					};
				};
			};
			buildConfigurationList = 0A22863E29271AC700CFEC50 /* Build configuration list for PBXProject "ServerStatus" */;
			compatibilityVersion = "Xcode 14.0";
			developmentRegion = en;
			hasScannedForEncodings = 0;
			knownRegions = (
				en,
				Base,
			);
			mainGroup = 0A22863A29271AC700CFEC50;
			packageReferences = (
				0A22865B29274C7B00CFEC50 /* XCRemoteSwiftPackageReference "Alamofire" */,
				0A868B772962B004004F6711 /* XCRemoteSwiftPackageReference "IsScrolling" */,
			);
			productRefGroup = 0A22864429271AC700CFEC50 /* Products */;
			projectDirPath = "";
			projectRoot = "";
			targets = (
				0A22864229271AC700CFEC50 /* ServerStatus */,
			);
		};
/* End PBXProject section */

/* Begin PBXResourcesBuildPhase section */
		0A22864129271AC700CFEC50 /* Resources */ = {
			isa = PBXResourcesBuildPhase;
			buildActionMask = 2147483647;
			files = (
				0A98CD0D299D7E5A002AB222 /* logo.png in Resources */,
				0A98CD0B299D7CF2002AB222 /* README.md in Resources */,
				0AC09DAB298C173A0081D7DD /* ServersStored.plist in Resources */,
				0A22864B29271ACA00CFEC50 /* Assets.xcassets in Resources */,
			);
			runOnlyForDeploymentPostprocessing = 0;
		};
/* End PBXResourcesBuildPhase section */

/* Begin PBXSourcesBuildPhase section */
		0A22863F29271AC700CFEC50 /* Sources */ = {
			isa = PBXSourcesBuildPhase;
			buildActionMask = 2147483647;
			files = (
				0AB88A0029616E3000ED1526 /* ServerCard.swift in Sources */,
				0A66CC2829ACC34200DEDCEE /* HOTARU.swift in Sources */,
				0A66CC2429AC73F400DEDCEE /* MeterStaticConfig.swift in Sources */,
				0AC09DAD298C1E2F0081D7DD /* APIStored.swift in Sources */,
				0AB88A0429616E5200ED1526 /* Regions.swift in Sources */,
				0AB88A0229616E3F00ED1526 /* ArcMeter.swift in Sources */,
				0AB56E1B2994D3B900DEB133 /* ServerSelection.swift in Sources */,
				0A22865829271CF200CFEC50 /* UnifiedData.swift in Sources */,
				0A66CC2C29ACC4C800DEDCEE /* Numbers.swift in Sources */,
				0ACE5ED729C31EBB0027EE8F /* PopoverBackgroundView.swift in Sources */,
				0ACE5ED529C31E8A0027EE8F /* TransparentPopoverBackgroundView.swift in Sources */,
				0A22864929271AC700CFEC50 /* ContentView.swift in Sources */,
				0A66CC2229AC73B200DEDCEE /* PipeMeter.swift in Sources */,
				0A22864729271AC700CFEC50 /* ServerStatusApp.swift in Sources */,
				0A729E2B2962E0F8006FA757 /* Extensions.swift in Sources */,
			);
			runOnlyForDeploymentPostprocessing = 0;
		};
/* End PBXSourcesBuildPhase section */

/* Begin XCBuildConfiguration section */
		0A22865029271ACA00CFEC50 /* Debug */ = {
			isa = XCBuildConfiguration;
			buildSettings = {
				ALWAYS_SEARCH_USER_PATHS = NO;
				CLANG_ANALYZER_NONNULL = YES;
				CLANG_ANALYZER_NUMBER_OBJECT_CONVERSION = YES_AGGRESSIVE;
				CLANG_CXX_LANGUAGE_STANDARD = "gnu++17";
				CLANG_ENABLE_MODULES = YES;
				CLANG_ENABLE_OBJC_ARC = YES;
				CLANG_ENABLE_OBJC_WEAK = YES;
				CLANG_WARN_BLOCK_CAPTURE_AUTORELEASING = YES;
				CLANG_WARN_BOOL_CONVERSION = YES;
				CLANG_WARN_COMMA = YES;
				CLANG_WARN_CONSTANT_CONVERSION = YES;
				CLANG_WARN_DEPRECATED_OBJC_IMPLEMENTATIONS = YES;
				CLANG_WARN_DIRECT_OBJC_ISA_USAGE = YES_ERROR;
				CLANG_WARN_DOCUMENTATION_COMMENTS = YES;
				CLANG_WARN_EMPTY_BODY = YES;
				CLANG_WARN_ENUM_CONVERSION = YES;
				CLANG_WARN_INFINITE_RECURSION = YES;
				CLANG_WARN_INT_CONVERSION = YES;
				CLANG_WARN_NON_LITERAL_NULL_CONVERSION = YES;
				CLANG_WARN_OBJC_IMPLICIT_RETAIN_SELF = YES;
				CLANG_WARN_OBJC_LITERAL_CONVERSION = YES;
				CLANG_WARN_OBJC_ROOT_CLASS = YES_ERROR;
				CLANG_WARN_QUOTED_INCLUDE_IN_FRAMEWORK_HEADER = YES;
				CLANG_WARN_RANGE_LOOP_ANALYSIS = YES;
				CLANG_WARN_STRICT_PROTOTYPES = YES;
				CLANG_WARN_SUSPICIOUS_MOVE = YES;
				CLANG_WARN_UNGUARDED_AVAILABILITY = YES_AGGRESSIVE;
				CLANG_WARN_UNREACHABLE_CODE = YES;
				CLANG_WARN__DUPLICATE_METHOD_MATCH = YES;
				COPY_PHASE_STRIP = NO;
				DEBUG_INFORMATION_FORMAT = dwarf;
				ENABLE_STRICT_OBJC_MSGSEND = YES;
				ENABLE_TESTABILITY = YES;
				GCC_C_LANGUAGE_STANDARD = gnu11;
				GCC_DYNAMIC_NO_PIC = NO;
				GCC_NO_COMMON_BLOCKS = YES;
				GCC_OPTIMIZATION_LEVEL = 0;
				GCC_PREPROCESSOR_DEFINITIONS = (
					"DEBUG=1",
					"$(inherited)",
				);
				GCC_WARN_64_TO_32_BIT_CONVERSION = YES;
				GCC_WARN_ABOUT_RETURN_TYPE = YES_ERROR;
				GCC_WARN_UNDECLARED_SELECTOR = YES;
				GCC_WARN_UNINITIALIZED_AUTOS = YES_AGGRESSIVE;
				GCC_WARN_UNUSED_FUNCTION = YES;
				GCC_WARN_UNUSED_VARIABLE = YES;
				IPHONEOS_DEPLOYMENT_TARGET = 16.0;
				MACOSX_DEPLOYMENT_TARGET = 13.0;
				MTL_ENABLE_DEBUG_INFO = INCLUDE_SOURCE;
				MTL_FAST_MATH = YES;
				ONLY_ACTIVE_ARCH = YES;
				SWIFT_ACTIVE_COMPILATION_CONDITIONS = DEBUG;
				SWIFT_OPTIMIZATION_LEVEL = "-Onone";
			};
			name = Debug;
		};
		0A22865129271ACA00CFEC50 /* Release */ = {
			isa = XCBuildConfiguration;
			buildSettings = {
				ALWAYS_SEARCH_USER_PATHS = NO;
				CLANG_ANALYZER_NONNULL = YES;
				CLANG_ANALYZER_NUMBER_OBJECT_CONVERSION = YES_AGGRESSIVE;
				CLANG_CXX_LANGUAGE_STANDARD = "gnu++17";
				CLANG_ENABLE_MODULES = YES;
				CLANG_ENABLE_OBJC_ARC = YES;
				CLANG_ENABLE_OBJC_WEAK = YES;
				CLANG_WARN_BLOCK_CAPTURE_AUTORELEASING = YES;
				CLANG_WARN_BOOL_CONVERSION = YES;
				CLANG_WARN_COMMA = YES;
				CLANG_WARN_CONSTANT_CONVERSION = YES;
				CLANG_WARN_DEPRECATED_OBJC_IMPLEMENTATIONS = YES;
				CLANG_WARN_DIRECT_OBJC_ISA_USAGE = YES_ERROR;
				CLANG_WARN_DOCUMENTATION_COMMENTS = YES;
				CLANG_WARN_EMPTY_BODY = YES;
				CLANG_WARN_ENUM_CONVERSION = YES;
				CLANG_WARN_INFINITE_RECURSION = YES;
				CLANG_WARN_INT_CONVERSION = YES;
				CLANG_WARN_NON_LITERAL_NULL_CONVERSION = YES;
				CLANG_WARN_OBJC_IMPLICIT_RETAIN_SELF = YES;
				CLANG_WARN_OBJC_LITERAL_CONVERSION = YES;
				CLANG_WARN_OBJC_ROOT_CLASS = YES_ERROR;
				CLANG_WARN_QUOTED_INCLUDE_IN_FRAMEWORK_HEADER = YES;
				CLANG_WARN_RANGE_LOOP_ANALYSIS = YES;
				CLANG_WARN_STRICT_PROTOTYPES = YES;
				CLANG_WARN_SUSPICIOUS_MOVE = YES;
				CLANG_WARN_UNGUARDED_AVAILABILITY = YES_AGGRESSIVE;
				CLANG_WARN_UNREACHABLE_CODE = YES;
				CLANG_WARN__DUPLICATE_METHOD_MATCH = YES;
				COPY_PHASE_STRIP = NO;
				DEBUG_INFORMATION_FORMAT = "dwarf-with-dsym";
				ENABLE_NS_ASSERTIONS = NO;
				ENABLE_STRICT_OBJC_MSGSEND = YES;
				GCC_C_LANGUAGE_STANDARD = gnu11;
				GCC_NO_COMMON_BLOCKS = YES;
				GCC_WARN_64_TO_32_BIT_CONVERSION = YES;
				GCC_WARN_ABOUT_RETURN_TYPE = YES_ERROR;
				GCC_WARN_UNDECLARED_SELECTOR = YES;
				GCC_WARN_UNINITIALIZED_AUTOS = YES_AGGRESSIVE;
				GCC_WARN_UNUSED_FUNCTION = YES;
				GCC_WARN_UNUSED_VARIABLE = YES;
				IPHONEOS_DEPLOYMENT_TARGET = 16.0;
				MACOSX_DEPLOYMENT_TARGET = 13.0;
				MTL_ENABLE_DEBUG_INFO = NO;
				MTL_FAST_MATH = YES;
				SWIFT_COMPILATION_MODE = wholemodule;
				SWIFT_OPTIMIZATION_LEVEL = "-O";
			};
			name = Release;
		};
		0A22865329271ACA00CFEC50 /* Debug */ = {
			isa = XCBuildConfiguration;
			buildSettings = {
				ASSETCATALOG_COMPILER_APPICON_NAME = AppIcon;
				ASSETCATALOG_COMPILER_GLOBAL_ACCENT_COLOR_NAME = AccentColor;
				CODE_SIGN_ENTITLEMENTS = ServerStatus/ServerStatus.entitlements;
				CODE_SIGN_STYLE = Automatic;
				CURRENT_PROJECT_VERSION = 1;
				DEVELOPMENT_ASSET_PATHS = .;
				DEVELOPMENT_TEAM = 4L8444Q855;
				ENABLE_HARDENED_RUNTIME = YES;
				ENABLE_PREVIEWS = YES;
				GENERATE_INFOPLIST_FILE = YES;
				INFOPLIST_KEY_CFBundleDisplayName = "Server Status";
				INFOPLIST_KEY_LSApplicationCategoryType = "public.app-category.utilities";
				"INFOPLIST_KEY_UILaunchScreen_Generation[sdk=iphoneos*]" = YES;
				"INFOPLIST_KEY_UILaunchScreen_Generation[sdk=iphonesimulator*]" = YES;
				INFOPLIST_KEY_UISupportedInterfaceOrientations = "UIInterfaceOrientationLandscapeLeft UIInterfaceOrientationLandscapeRight UIInterfaceOrientationPortrait";
				IPHONEOS_DEPLOYMENT_TARGET = 16.0;
				LD_RUNPATH_SEARCH_PATHS = "@executable_path/Frameworks";
				"LD_RUNPATH_SEARCH_PATHS[sdk=macosx*]" = "@executable_path/../Frameworks";
				MACOSX_DEPLOYMENT_TARGET = 13.0;
				MARKETING_VERSION = 1.0;
				PRODUCT_BUNDLE_IDENTIFIER = com.weiruik.ServerStatus;
				PRODUCT_NAME = "$(TARGET_NAME)";
				SDKROOT = auto;
				SUPPORTED_PLATFORMS = "iphoneos iphonesimulator macosx";
				SWIFT_EMIT_LOC_STRINGS = YES;
				SWIFT_VERSION = 5.0;
				TARGETED_DEVICE_FAMILY = "1,2";
			};
			name = Debug;
		};
		0A22865429271ACA00CFEC50 /* Release */ = {
			isa = XCBuildConfiguration;
			buildSettings = {
				ASSETCATALOG_COMPILER_APPICON_NAME = AppIcon;
				ASSETCATALOG_COMPILER_GLOBAL_ACCENT_COLOR_NAME = AccentColor;
				CODE_SIGN_ENTITLEMENTS = ServerStatus/ServerStatus.entitlements;
				CODE_SIGN_STYLE = Automatic;
				CURRENT_PROJECT_VERSION = 1;
				DEVELOPMENT_ASSET_PATHS = .;
				DEVELOPMENT_TEAM = 4L8444Q855;
				ENABLE_HARDENED_RUNTIME = YES;
				ENABLE_PREVIEWS = YES;
				GENERATE_INFOPLIST_FILE = YES;
				INFOPLIST_KEY_CFBundleDisplayName = "Server Status";
				INFOPLIST_KEY_LSApplicationCategoryType = "public.app-category.utilities";
				"INFOPLIST_KEY_UILaunchScreen_Generation[sdk=iphoneos*]" = YES;
				"INFOPLIST_KEY_UILaunchScreen_Generation[sdk=iphonesimulator*]" = YES;
				INFOPLIST_KEY_UISupportedInterfaceOrientations = "UIInterfaceOrientationLandscapeLeft UIInterfaceOrientationLandscapeRight UIInterfaceOrientationPortrait";
				IPHONEOS_DEPLOYMENT_TARGET = 16.0;
				LD_RUNPATH_SEARCH_PATHS = "@executable_path/Frameworks";
				"LD_RUNPATH_SEARCH_PATHS[sdk=macosx*]" = "@executable_path/../Frameworks";
				MACOSX_DEPLOYMENT_TARGET = 13.0;
				MARKETING_VERSION = 1.0;
				PRODUCT_BUNDLE_IDENTIFIER = com.weiruik.ServerStatus;
				PRODUCT_NAME = "$(TARGET_NAME)";
				SDKROOT = auto;
				SUPPORTED_PLATFORMS = "iphoneos iphonesimulator macosx";
				SWIFT_EMIT_LOC_STRINGS = YES;
				SWIFT_VERSION = 5.0;
				TARGETED_DEVICE_FAMILY = "1,2";
			};
			name = Release;
		};
/* End XCBuildConfiguration section */

/* Begin XCConfigurationList section */
		0A22863E29271AC700CFEC50 /* Build configuration list for PBXProject "ServerStatus" */ = {
			isa = XCConfigurationList;
			buildConfigurations = (
				0A22865029271ACA00CFEC50 /* Debug */,
				0A22865129271ACA00CFEC50 /* Release */,
			);
			defaultConfigurationIsVisible = 0;
			defaultConfigurationName = Release;
		};
		0A22865229271ACA00CFEC50 /* Build configuration list for PBXNativeTarget "ServerStatus" */ = {
			isa = XCConfigurationList;
			buildConfigurations = (
				0A22865329271ACA00CFEC50 /* Debug */,
				0A22865429271ACA00CFEC50 /* Release */,
			);
			defaultConfigurationIsVisible = 0;
			defaultConfigurationName = Release;
		};
/* End XCConfigurationList section */

/* Begin XCRemoteSwiftPackageReference section */
		0A22865B29274C7B00CFEC50 /* XCRemoteSwiftPackageReference "Alamofire" */ = {
			isa = XCRemoteSwiftPackageReference;
			repositoryURL = "https://github.com/Alamofire/Alamofire";
			requirement = {
				kind = upToNextMajorVersion;
				minimumVersion = 5.0.0;
			};
		};
		0A868B772962B004004F6711 /* XCRemoteSwiftPackageReference "IsScrolling" */ = {
			isa = XCRemoteSwiftPackageReference;
			repositoryURL = "https://github.com/fatbobman/IsScrolling.git";
			requirement = {
				kind = upToNextMajorVersion;
				minimumVersion = 1.0.0;
			};
		};
/* End XCRemoteSwiftPackageReference section */

/* Begin XCSwiftPackageProductDependency section */
		0A22865C29274C7B00CFEC50 /* Alamofire */ = {
			isa = XCSwiftPackageProductDependency;
			package = 0A22865B29274C7B00CFEC50 /* XCRemoteSwiftPackageReference "Alamofire" */;
			productName = Alamofire;
		};
		0A868B782962B004004F6711 /* IsScrolling */ = {
			isa = XCSwiftPackageProductDependency;
			package = 0A868B772962B004004F6711 /* XCRemoteSwiftPackageReference "IsScrolling" */;
			productName = IsScrolling;
		};
/* End XCSwiftPackageProductDependency section */
	};
	rootObject = 0A22863B29271AC700CFEC50 /* Project object */;
}
